
Microsoft Visual Studio Solution File, Format Version 12.00
# Visual Studio Version 17
VisualStudioVersion = 17.11.35312.102
MinimumVisualStudioVersion = 10.0.40219.1
Project("{FAE04EC0-301F-11D3-BF4B-00C04F79EFBC}") = "HOTPIZZA", "HOTPIZZA\HOTPIZZA.csproj", "{C09F8B2B-E56D-4140-A89F-BB88DE660AE3}"
EndProject
Global
	GlobalSection(SolutionConfigurationPlatforms) = preSolution
		Debug|Any CPU = Debug|Any CPU
		Release|Any CPU = Release|Any CPU
	EndGlobalSection
	GlobalSection(ProjectConfigurationPlatforms) = postSolution
		{C09F8B2B-E56D-4140-A89F-BB88DE660AE3}.Debug|Any CPU.ActiveCfg = Debug|Any CPU
		{C09F8B2B-E56D-4140-A89F-BB88DE660AE3}.Debug|Any CPU.Build.0 = Debug|Any CPU
		{C09F8B2B-E56D-4140-A89F-BB88DE660AE3}.Release|Any CPU.ActiveCfg = Release|Any CPU
		{C09F8B2B-E56D-4140-A89F-BB88DE660AE3}.Release|Any CPU.Build.0 = Release|Any CPU
	EndGlobalSection
	GlobalSection(SolutionProperties) = preSolution
		HideSolutionNode = FALSE
	EndGlobalSection
	GlobalSection(ExtensibilityGlobals) = postSolution
		SolutionGuid = {D8C02A76-21DD-42CC-BEBE-569632FCF2DB}
	EndGlobalSection
EndGlobal
